
Microsoft Visual Studio Solution File, Format Version 12.00
# Visual Studio 15
Project("{FAE04EC0-301F-11D3-BF4B-00C04F79EFBC}") = "TodoAPI", "TodoAPI\TodoAPI.csproj", "{8F4A0D53-E4B2-4C8C-9F03-2E3413E0D9A7}"
EndProject
Global
	GlobalSection(SolutionConfigurationPlatforms) = preSolution
		Debug|Any CPU = Debug|Any CPU
		Release|Any CPU = Release|Any CPU
	EndGlobalSection
	GlobalSection(ProjectConfigurationPlatforms) = postSolution
		{8F4A0D53-E4B2-4C8C-9F03-2E3413E0D9A7}.Debug|Any CPU.ActiveCfg = Debug|Any CPU
		{8F4A0D53-E4B2-4C8C-9F03-2E3413E0D9A7}.Debug|Any CPU.Build.0 = Debug|Any CPU
		{8F4A0D53-E4B2-4C8C-9F03-2E3413E0D9A7}.Release|Any CPU.ActiveCfg = Release|Any CPU
		{8F4A0D53-E4B2-4C8C-9F03-2E3413E0D9A7}.Release|Any CPU.Build.0 = Release|Any CPU
	EndGlobalSection
EndGlobal
